
Microsoft Visual Studio Solution File, Format Version 12.00
# Visual Studio Version 17
VisualStudioVersion = 17.2.32616.157
MinimumVisualStudioVersion = 10.0.40219.1
Project("{FAE04EC0-301F-11D3-BF4B-00C04F79EFBC}") = "3_1_01", "3_1_01.csproj", "{1B28E272-B3D2-42E4-8EB5-A97B88ADCC41}"
EndProject
Global
	GlobalSection(SolutionConfigurationPlatforms) = preSolution
		Debug|Any CPU = Debug|Any CPU
		Release|Any CPU = Release|Any CPU
	EndGlobalSection
	GlobalSection(ProjectConfigurationPlatforms) = postSolution
		{1B28E272-B3D2-42E4-8EB5-A97B88ADCC41}.Debug|Any CPU.ActiveCfg = Debug|Any CPU
		{1B28E272-B3D2-42E4-8EB5-A97B88ADCC41}.Debug|Any CPU.Build.0 = Debug|Any CPU
		{1B28E272-B3D2-42E4-8EB5-A97B88ADCC41}.Release|Any CPU.ActiveCfg = Release|Any CPU
		{1B28E272-B3D2-42E4-8EB5-A97B88ADCC41}.Release|Any CPU.Build.0 = Release|Any CPU
	EndGlobalSection
	GlobalSection(SolutionProperties) = preSolution
		HideSolutionNode = FALSE
	EndGlobalSection
	GlobalSection(ExtensibilityGlobals) = postSolution
		SolutionGuid = {FDF04FDD-5CB6-4070-A39C-8FE53EB96979}
	EndGlobalSection
EndGlobal
